
Microsoft Visual Studio Solution File, Format Version 12.00
# Visual Studio Version 17
VisualStudioVersion = 17.3.32819.101
MinimumVisualStudioVersion = 10.0.40219.1
Project("{FAE04EC0-301F-11D3-BF4B-00C04F79EFBC}") = "MutlakKareAlma", "MutlakKareAlma\MutlakKareAlma.csproj", "{44DA3C55-7CA1-4603-85DD-C681FD884C0D}"
EndProject
Global
	GlobalSection(SolutionConfigurationPlatforms) = preSolution
		Debug|Any CPU = Debug|Any CPU
		Release|Any CPU = Release|Any CPU
	EndGlobalSection
	GlobalSection(ProjectConfigurationPlatforms) = postSolution
		{44DA3C55-7CA1-4603-85DD-C681FD884C0D}.Debug|Any CPU.ActiveCfg = Debug|Any CPU
		{44DA3C55-7CA1-4603-85DD-C681FD884C0D}.Debug|Any CPU.Build.0 = Debug|Any CPU
		{44DA3C55-7CA1-4603-85DD-C681FD884C0D}.Release|Any CPU.ActiveCfg = Release|Any CPU
		{44DA3C55-7CA1-4603-85DD-C681FD884C0D}.Release|Any CPU.Build.0 = Release|Any CPU
	EndGlobalSection
	GlobalSection(SolutionProperties) = preSolution
		HideSolutionNode = FALSE
	EndGlobalSection
	GlobalSection(ExtensibilityGlobals) = postSolution
		SolutionGuid = {75E6242D-D861-43A6-B264-70F3099FF444}
	EndGlobalSection
EndGlobal
