
Microsoft Visual Studio Solution File, Format Version 12.00
# Visual Studio Version 17
VisualStudioVersion = 17.3.32819.101
MinimumVisualStudioVersion = 10.0.40219.1
Project("{FAE04EC0-301F-11D3-BF4B-00C04F79EFBC}") = "ATMUygulamasi", "ATMUygulamasi\ATMUygulamasi.csproj", "{6A6279FF-89C1-42C2-AD60-7D30EE0709A1}"
EndProject
Global
	GlobalSection(SolutionConfigurationPlatforms) = preSolution
		Debug|Any CPU = Debug|Any CPU
		Release|Any CPU = Release|Any CPU
	EndGlobalSection
	GlobalSection(ProjectConfigurationPlatforms) = postSolution
		{6A6279FF-89C1-42C2-AD60-7D30EE0709A1}.Debug|Any CPU.ActiveCfg = Debug|Any CPU
		{6A6279FF-89C1-42C2-AD60-7D30EE0709A1}.Debug|Any CPU.Build.0 = Debug|Any CPU
		{6A6279FF-89C1-42C2-AD60-7D30EE0709A1}.Release|Any CPU.ActiveCfg = Release|Any CPU
		{6A6279FF-89C1-42C2-AD60-7D30EE0709A1}.Release|Any CPU.Build.0 = Release|Any CPU
	EndGlobalSection
	GlobalSection(SolutionProperties) = preSolution
		HideSolutionNode = FALSE
	EndGlobalSection
	GlobalSection(ExtensibilityGlobals) = postSolution
		SolutionGuid = {9473AB99-CA8F-4774-AE71-FDA10E13EFC5}
	EndGlobalSection
EndGlobal
