
Microsoft Visual Studio Solution File, Format Version 12.00
# Visual Studio Version 17
VisualStudioVersion = 17.3.32819.101
MinimumVisualStudioVersion = 10.0.40219.1
Project("{FAE04EC0-301F-11D3-BF4B-00C04F79EFBC}") = "FibonacciOrtalama", "FibonacciOrtalama\FibonacciOrtalama.csproj", "{F57C4548-90F2-4D16-9BD3-5CB72CDD80FD}"
EndProject
Global
	GlobalSection(SolutionConfigurationPlatforms) = preSolution
		Debug|Any CPU = Debug|Any CPU
		Release|Any CPU = Release|Any CPU
	EndGlobalSection
	GlobalSection(ProjectConfigurationPlatforms) = postSolution
		{F57C4548-90F2-4D16-9BD3-5CB72CDD80FD}.Debug|Any CPU.ActiveCfg = Debug|Any CPU
		{F57C4548-90F2-4D16-9BD3-5CB72CDD80FD}.Debug|Any CPU.Build.0 = Debug|Any CPU
		{F57C4548-90F2-4D16-9BD3-5CB72CDD80FD}.Release|Any CPU.ActiveCfg = Release|Any CPU
		{F57C4548-90F2-4D16-9BD3-5CB72CDD80FD}.Release|Any CPU.Build.0 = Release|Any CPU
	EndGlobalSection
	GlobalSection(SolutionProperties) = preSolution
		HideSolutionNode = FALSE
	EndGlobalSection
	GlobalSection(ExtensibilityGlobals) = postSolution
		SolutionGuid = {C0FE9196-933C-43C6-A3DB-5EDBD401BB63}
	EndGlobalSection
EndGlobal
